// !$*UTF8*$!
{
	archiveVersion = 1;
	classes = {
	};
	objectVersion = 46;
	objects = {

/* Begin PBXBuildFile section */
		FF02C9491F861C970015D6B3 /* AppDelegate.swift in Sources */ = {isa = PBXBuildFile; fileRef = FF02C9481F861C970015D6B3 /* AppDelegate.swift */; };
		FF02C94B1F861C970015D6B3 /* ViewController.swift in Sources */ = {isa = PBXBuildFile; fileRef = FF02C94A1F861C970015D6B3 /* ViewController.swift */; };
		FF02C94E1F861C970015D6B3 /* Main.storyboard in Resources */ = {isa = PBXBuildFile; fileRef = FF02C94C1F861C970015D6B3 /* Main.storyboard */; };
		FF02C9501F861C970015D6B3 /* Assets.xcassets in Resources */ = {isa = PBXBuildFile; fileRef = FF02C94F1F861C970015D6B3 /* Assets.xcassets */; };
		FF02C9531F861C970015D6B3 /* LaunchScreen.storyboard in Resources */ = {isa = PBXBuildFile; fileRef = FF02C9511F861C970015D6B3 /* LaunchScreen.storyboard */; };
		FF02C96E1F86450D0015D6B3 /* AllPhotosViewController.swift in Sources */ = {isa = PBXBuildFile; fileRef = FF02C96D1F86450D0015D6B3 /* AllPhotosViewController.swift */; };
		FF02C9721F86580C0015D6B3 /* MyCollectionViewCell.swift in Sources */ = {isa = PBXBuildFile; fileRef = FF02C9711F86580C0015D6B3 /* MyCollectionViewCell.swift */; };
/* End PBXBuildFile section */

/* Begin PBXFileReference section */
		FF02C9451F861C970015D6B3 /* ViewAlbum.app */ = {isa = PBXFileReference; explicitFileType = wrapper.application; includeInIndex = 0; path = ViewAlbum.app; sourceTree = BUILT_PRODUCTS_DIR; };
		FF02C9481F861C970015D6B3 /* AppDelegate.swift */ = {isa = PBXFileReference; lastKnownFileType = sourcecode.swift; path = AppDelegate.swift; sourceTree = "<group>"; };
		FF02C94A1F861C970015D6B3 /* ViewController.swift */ = {isa = PBXFileReference; lastKnownFileType = sourcecode.swift; path = ViewController.swift; sourceTree = "<group>"; };
		FF02C94D1F861C970015D6B3 /* Base */ = {isa = PBXFileReference; lastKnownFileType = file.storyboard; name = Base; path = Base.lproj/Main.storyboard; sourceTree = "<group>"; };
		FF02C94F1F861C970015D6B3 /* Assets.xcassets */ = {isa = PBXFileReference; lastKnownFileType = folder.assetcatalog; path = Assets.xcassets; sourceTree = "<group>"; };
		FF02C9521F861C970015D6B3 /* Base */ = {isa = PBXFileReference; lastKnownFileType = file.storyboard; name = Base; path = Base.lproj/LaunchScreen.storyboard; sourceTree = "<group>"; };
		FF02C9541F861C970015D6B3 /* Info.plist */ = {isa = PBXFileReference; lastKnownFileType = text.plist.xml; path = Info.plist; sourceTree = "<group>"; };
		FF02C96D1F86450D0015D6B3 /* AllPhotosViewController.swift */ = {isa = PBXFileReference; fileEncoding = 4; lastKnownFileType = sourcecode.swift; path = AllPhotosViewController.swift; sourceTree = "<group>"; };
		FF02C9711F86580C0015D6B3 /* MyCollectionViewCell.swift */ = {isa = PBXFileReference; fileEncoding = 4; lastKnownFileType = sourcecode.swift; path = MyCollectionViewCell.swift; sourceTree = "<group>"; };
/* End PBXFileReference section */

/* Begin PBXFrameworksBuildPhase section */
		FF02C9421F861C960015D6B3 /* Frameworks */ = {
			isa = PBXFrameworksBuildPhase;
			buildActionMask = 2147483647;
			files = (
			);
			runOnlyForDeploymentPostprocessing = 0;
		};
/* End PBXFrameworksBuildPhase section */

/* Begin PBXGroup section */
		FF02C93C1F861C960015D6B3 = {
			isa = PBXGroup;
			children = (
				FF02C9471F861C970015D6B3 /* ViewAlbum */,
				FF02C9461F861C970015D6B3 /* Products */,
			);
			sourceTree = "<group>";
		};
		FF02C9461F861C970015D6B3 /* Products */ = {
			isa = PBXGroup;
			children = (
				FF02C9451F861C970015D6B3 /* ViewAlbum.app */,
			);
			name = Products;
			sourceTree = "<group>";
		};
		FF02C9471F861C970015D6B3 /* ViewAlbum */ = {
			isa = PBXGroup;
			children = (
				FF02C9481F861C970015D6B3 /* AppDelegate.swift */,
				FF02C94A1F861C970015D6B3 /* ViewController.swift */,
				FF02C96D1F86450D0015D6B3 /* AllPhotosViewController.swift */,
				FF02C9711F86580C0015D6B3 /* MyCollectionViewCell.swift */,
				FF02C94C1F861C970015D6B3 /* Main.storyboard */,
				FF02C94F1F861C970015D6B3 /* Assets.xcassets */,
				FF02C9511F861C970015D6B3 /* LaunchScreen.storyboard */,
				FF02C9541F861C970015D6B3 /* Info.plist */,
			);
			path = ViewAlbum;
			sourceTree = "<group>";
		};
/* End PBXGroup section */

/* Begin PBXNativeTarget section */
		FF02C9441F861C960015D6B3 /* ViewAlbum */ = {
			isa = PBXNativeTarget;
			buildConfigurationList = FF02C9571F861C970015D6B3 /* Build configuration list for PBXNativeTarget "ViewAlbum" */;
			buildPhases = (
				FF02C9411F861C960015D6B3 /* Sources */,
				FF02C9421F861C960015D6B3 /* Frameworks */,
				FF02C9431F861C960015D6B3 /* Resources */,
			);
			buildRules = (
			);
			dependencies = (
			);
			name = ViewAlbum;
			productName = ViewAlbum;
			productReference = FF02C9451F861C970015D6B3 /* ViewAlbum.app */;
			productType = "com.apple.product-type.application";
		};
/* End PBXNativeTarget section */

/* Begin PBXProject section */
		FF02C93D1F861C960015D6B3 /* Project object */ = {
			isa = PBXProject;
			attributes = {
				LastSwiftUpdateCheck = 0820;
				LastUpgradeCheck = 0820;
				ORGANIZATIONNAME = bigtree;
				TargetAttributes = {
					FF02C9441F861C960015D6B3 = {
						CreatedOnToolsVersion = 8.2.1;
						ProvisioningStyle = Automatic;
					};
				};
			};
			buildConfigurationList = FF02C9401F861C960015D6B3 /* Build configuration list for PBXProject "ViewAlbum" */;
			compatibilityVersion = "Xcode 3.2";
			developmentRegion = English;
			hasScannedForEncodings = 0;
			knownRegions = (
				en,
				Base,
			);
			mainGroup = FF02C93C1F861C960015D6B3;
			productRefGroup = FF02C9461F861C970015D6B3 /* Products */;
			projectDirPath = "";
			projectRoot = "";
			targets = (
				FF02C9441F861C960015D6B3 /* ViewAlbum */,
			);
		};
/* End PBXProject section */

/* Begin PBXResourcesBuildPhase section */
		FF02C9431F861C960015D6B3 /* Resources */ = {
			isa = PBXResourcesBuildPhase;
			buildActionMask = 2147483647;
			files = (
				FF02C9531F861C970015D6B3 /* LaunchScreen.storyboard in Resources */,
				FF02C9501F861C970015D6B3 /* Assets.xcassets in Resources */,
				FF02C94E1F861C970015D6B3 /* Main.storyboard in Resources */,
			);
			runOnlyForDeploymentPostprocessing = 0;
		};
/* End PBXResourcesBuildPhase section */

/* Begin PBXSourcesBuildPhase section */
		FF02C9411F861C960015D6B3 /* Sources */ = {
			isa = PBXSourcesBuildPhase;
			buildActionMask = 2147483647;
			files = (
				FF02C96E1F86450D0015D6B3 /* AllPhotosViewController.swift in Sources */,
				FF02C94B1F861C970015D6B3 /* ViewController.swift in Sources */,
				FF02C9721F86580C0015D6B3 /* MyCollectionViewCell.swift in Sources */,
				FF02C9491F861C970015D6B3 /* AppDelegate.swift in Sources */,
			);
			runOnlyForDeploymentPostprocessing = 0;
		};
/* End PBXSourcesBuildPhase section */

/* Begin PBXVariantGroup section */
		FF02C94C1F861C970015D6B3 /* Main.storyboard */ = {
			isa = PBXVariantGroup;
			children = (
				FF02C94D1F861C970015D6B3 /* Base */,
			);
			name = Main.storyboard;
			sourceTree = "<group>";
		};
		FF02C9511F861C970015D6B3 /* LaunchScreen.storyboard */ = {
			isa = PBXVariantGroup;
			children = (
				FF02C9521F861C970015D6B3 /* Base */,
			);
			name = LaunchScreen.storyboard;
			sourceTree = "<group>";
		};
/* End PBXVariantGroup section */

/* Begin XCBuildConfiguration section */
		FF02C9551F861C970015D6B3 /* Debug */ = {
			isa = XCBuildConfiguration;
			buildSettings = {
				ALWAYS_SEARCH_USER_PATHS = NO;
				CLANG_ANALYZER_NONNULL = YES;
				CLANG_CXX_LANGUAGE_STANDARD = "gnu++0x";
				CLANG_CXX_LIBRARY = "libc++";
				CLANG_ENABLE_MODULES = YES;
				CLANG_ENABLE_OBJC_ARC = YES;
				CLANG_WARN_BOOL_CONVERSION = YES;
				CLANG_WARN_CONSTANT_CONVERSION = YES;
				CLANG_WARN_DIRECT_OBJC_ISA_USAGE = YES_ERROR;
				CLANG_WARN_DOCUMENTATION_COMMENTS = YES;
				CLANG_WARN_EMPTY_BODY = YES;
				CLANG_WARN_ENUM_CONVERSION = YES;
				CLANG_WARN_INFINITE_RECURSION = YES;
				CLANG_WARN_INT_CONVERSION = YES;
				CLANG_WARN_OBJC_ROOT_CLASS = YES_ERROR;
				CLANG_WARN_SUSPICIOUS_MOVE = YES;
				CLANG_WARN_UNREACHABLE_CODE = YES;
				CLANG_WARN__DUPLICATE_METHOD_MATCH = YES;
				"CODE_SIGN_IDENTITY[sdk=iphoneos*]" = "iPhone Developer";
				COPY_PHASE_STRIP = NO;
				DEBUG_INFORMATION_FORMAT = dwarf;
				ENABLE_STRICT_OBJC_MSGSEND = YES;
				ENABLE_TESTABILITY = YES;
				GCC_C_LANGUAGE_STANDARD = gnu99;
				GCC_DYNAMIC_NO_PIC = NO;
				GCC_NO_COMMON_BLOCKS = YES;
				GCC_OPTIMIZATION_LEVEL = 0;
				GCC_PREPROCESSOR_DEFINITIONS = (
					"DEBUG=1",
					"$(inherited)",
				);
				GCC_WARN_64_TO_32_BIT_CONVERSION = YES;
				GCC_WARN_ABOUT_RETURN_TYPE = YES_ERROR;
				GCC_WARN_UNDECLARED_SELECTOR = YES;
				GCC_WARN_UNINITIALIZED_AUTOS = YES_AGGRESSIVE;
				GCC_WARN_UNUSED_FUNCTION = YES;
				GCC_WARN_UNUSED_VARIABLE = YES;
				IPHONEOS_DEPLOYMENT_TARGET = 10.2;
				MTL_ENABLE_DEBUG_INFO = YES;
				ONLY_ACTIVE_ARCH = YES;
				SDKROOT = iphoneos;
				SWIFT_ACTIVE_COMPILATION_CONDITIONS = DEBUG;
				SWIFT_OPTIMIZATION_LEVEL = "-Onone";
			};
			name = Debug;
		};
		FF02C9561F861C970015D6B3 /* Release */ = {
			isa = XCBuildConfiguration;
			buildSettings = {
				ALWAYS_SEARCH_USER_PATHS = NO;
				CLANG_ANALYZER_NONNULL = YES;
				CLANG_CXX_LANGUAGE_STANDARD = "gnu++0x";
				CLANG_CXX_LIBRARY = "libc++";
				CLANG_ENABLE_MODULES = YES;
				CLANG_ENABLE_OBJC_ARC = YES;
				CLANG_WARN_BOOL_CONVERSION = YES;
				CLANG_WARN_CONSTANT_CONVERSION = YES;
				CLANG_WARN_DIRECT_OBJC_ISA_USAGE = YES_ERROR;
				CLANG_WARN_DOCUMENTATION_COMMENTS = YES;
				CLANG_WARN_EMPTY_BODY = YES;
				CLANG_WARN_ENUM_CONVERSION = YES;
				CLANG_WARN_INFINITE_RECURSION = YES;
				CLANG_WARN_INT_CONVERSION = YES;
				CLANG_WARN_OBJC_ROOT_CLASS = YES_ERROR;
				CLANG_WARN_SUSPICIOUS_MOVE = YES;
				CLANG_WARN_UNREACHABLE_CODE = YES;
				CLANG_WARN__DUPLICATE_METHOD_MATCH = YES;
				"CODE_SIGN_IDENTITY[sdk=iphoneos*]" = "iPhone Developer";
				COPY_PHASE_STRIP = NO;
				DEBUG_INFORMATION_FORMAT = "dwarf-with-dsym";
				ENABLE_NS_ASSERTIONS = NO;
				ENABLE_STRICT_OBJC_MSGSEND = YES;
				GCC_C_LANGUAGE_STANDARD = gnu99;
				GCC_NO_COMMON_BLOCKS = YES;
				GCC_WARN_64_TO_32_BIT_CONVERSION = YES;
				GCC_WARN_ABOUT_RETURN_TYPE = YES_ERROR;
				GCC_WARN_UNDECLARED_SELECTOR = YES;
				GCC_WARN_UNINITIALIZED_AUTOS = YES_AGGRESSIVE;
				GCC_WARN_UNUSED_FUNCTION = YES;
				GCC_WARN_UNUSED_VARIABLE = YES;
				IPHONEOS_DEPLOYMENT_TARGET = 10.2;
				MTL_ENABLE_DEBUG_INFO = NO;
				SDKROOT = iphoneos;
				SWIFT_OPTIMIZATION_LEVEL = "-Owholemodule";
				VALIDATE_PRODUCT = YES;
			};
			name = Release;
		};
		FF02C9581F861C970015D6B3 /* Debug */ = {
			isa = XCBuildConfiguration;
			buildSettings = {
				ASSETCATALOG_COMPILER_APPICON_NAME = AppIcon;
				INFOPLIST_FILE = ViewAlbum/Info.plist;
				LD_RUNPATH_SEARCH_PATHS = "$(inherited) @executable_path/Frameworks";
				PRODUCT_BUNDLE_IDENTIFIER = com.bigtreechina.ViewAlbum;
				PRODUCT_NAME = "$(TARGET_NAME)";
				SWIFT_VERSION = 3.0;
			};
			name = Debug;
		};
		FF02C9591F861C970015D6B3 /* Release */ = {
			isa = XCBuildConfiguration;
			buildSettings = {
				ASSETCATALOG_COMPILER_APPICON_NAME = AppIcon;
				INFOPLIST_FILE = ViewAlbum/Info.plist;
				LD_RUNPATH_SEARCH_PATHS = "$(inherited) @executable_path/Frameworks";
				PRODUCT_BUNDLE_IDENTIFIER = com.bigtreechina.ViewAlbum;
				PRODUCT_NAME = "$(TARGET_NAME)";
				SWIFT_VERSION = 3.0;
			};
			name = Release;
		};
/* End XCBuildConfiguration section */

/* Begin XCConfigurationList section */
		FF02C9401F861C960015D6B3 /* Build configuration list for PBXProject "ViewAlbum" */ = {
			isa = XCConfigurationList;
			buildConfigurations = (
				FF02C9551F861C970015D6B3 /* Debug */,
				FF02C9561F861C970015D6B3 /* Release */,
			);
			defaultConfigurationIsVisible = 0;
			defaultConfigurationName = Release;
		};
		FF02C9571F861C970015D6B3 /* Build configuration list for PBXNativeTarget "ViewAlbum" */ = {
			isa = XCConfigurationList;
			buildConfigurations = (
				FF02C9581F861C970015D6B3 /* Debug */,
				FF02C9591F861C970015D6B3 /* Release */,
			);
			defaultConfigurationIsVisible = 0;
			defaultConfigurationName = Release;
		};
/* End XCConfigurationList section */
	};
	rootObject = FF02C93D1F861C960015D6B3 /* Project object */;
}
